{
  "requires": true,
  "lockfileVersion": 1,
  "dependencies": {
    "@types/p5": {
      "version": "1.3.1",
      "resolved": "https://registry.npmjs.org/@types/p5/-/p5-1.3.1.tgz",
      "integrity": "sha512-Z/rBqimKVE4u2H+BDLxocBBMhufJiUYcC5IMcSRTfwhu5bf5ImUZHlFQUSDa2EMlB08wtk2DGijU4BmILk0w+A=="
    },
    "axios": {
      "version": "0.21.4",
      "resolved": "https://registry.npmjs.org/axios/-/axios-0.21.4.tgz",
      "integrity": "sha512-ut5vewkiu8jjGBdqpM44XxjuCjq9LAKeHVmoVfHVzy8eHgxxq8SbAVQNovDA8mVi05kP0Ea/n/UzcSHcTJQfNg==",
      "requires": {
        "follow-redirects": "^1.14.0"
      }
    },
    "dotenv": {
      "version": "10.0.0",
      "resolved": "https://registry.npmjs.org/dotenv/-/dotenv-10.0.0.tgz",
      "integrity": "sha512-rlBi9d8jpv9Sf1klPjNfFAuWDjKLwTIJJ/VxtoTwIR6hnZxcEOQCZg2oIL3MWBYw5GpUDKOEnND7LXTbIpQ03Q=="
    },
    "follow-redirects": {
      "version": "1.14.5",
      "resolved": "https://registry.npmjs.org/follow-redirects/-/follow-redirects-1.14.5.tgz",
      "integrity": "sha512-wtphSXy7d4/OR+MvIFbCVBDzZ5520qV8XfPklSN5QtxuMUJZ+b0Wnst1e1lCDocfzuCkHqj8k0FpZqO+UIaKNA=="
    },
    "openai-api": {
      "version": "1.2.6",
      "resolved": "https://registry.npmjs.org/openai-api/-/openai-api-1.2.6.tgz",
      "integrity": "sha512-8wZ3ghZQLCaNnbcfkL2E6IRqy4mDyNFSZ7/ChIldBXshtNLLth8cTyqp6qIXT+MiSssE2vXcQn18mFigXCLZBQ==",
      "requires": {
        "axios": "^0.21.1",
        "dotenv": "^8.2.0"
      },
      "dependencies": {
        "dotenv": {
          "version": "8.6.0",
          "resolved": "https://registry.npmjs.org/dotenv/-/dotenv-8.6.0.tgz",
          "integrity": "sha512-IrPdXQsk2BbzvCBGBOTmmSH5SodmqZNt4ERAZDmW4CT+tL8VtvinqywuANaFu4bOMWki16nqf0e4oC0QIaDr/g=="
        }
      }
    },
    "p5": {
      "version": "1.4.0",
      "resolved": "https://registry.npmjs.org/p5/-/p5-1.4.0.tgz",
      "integrity": "sha512-U888W2ChcIzPhRhnv4FkNhaa4f5BDIWZfLhzvx9ZrQ5KtkZr/+o1UPIicV3yWTRy0HEG23NviHyDR3kgjaJ9wA=="
    }
  }
}
